// !$*UTF8*$!
{
	archiveVersion = 1;
	classes = {
	};
	objectVersion = 50;
	objects = {

/* Begin PBXBuildFile section */
		5F19F8F820A0CC7D00E448A4 /* TableViewCell.swift in Sources */ = {isa = PBXBuildFile; fileRef = 5F19F8F620A0CC7D00E448A4 /* TableViewCell.swift */; };
		5F19F8F920A0CC7D00E448A4 /* TableViewCell.xib in Resources */ = {isa = PBXBuildFile; fileRef = 5F19F8F720A0CC7D00E448A4 /* TableViewCell.xib */; };
		5FD5B32A209CF2400072CEED /* AppDelegate.swift in Sources */ = {isa = PBXBuildFile; fileRef = 5FD5B329209CF2400072CEED /* AppDelegate.swift */; };
		5FD5B32C209CF2400072CEED /* ViewController.swift in Sources */ = {isa = PBXBuildFile; fileRef = 5FD5B32B209CF2400072CEED /* ViewController.swift */; };
		5FD5B32F209CF2400072CEED /* Main.storyboard in Resources */ = {isa = PBXBuildFile; fileRef = 5FD5B32D209CF2400072CEED /* Main.storyboard */; };
		5FD5B331209CF2580072CEED /* Assets.xcassets in Resources */ = {isa = PBXBuildFile; fileRef = 5FD5B330209CF2580072CEED /* Assets.xcassets */; };
		5FD5B334209CF2580072CEED /* LaunchScreen.storyboard in Resources */ = {isa = PBXBuildFile; fileRef = 5FD5B332209CF2580072CEED /* LaunchScreen.storyboard */; };
		5FD5B340209CF3000072CEED /* LPP.swift in Sources */ = {isa = PBXBuildFile; fileRef = 5FD5B33C209CF3000072CEED /* LPP.swift */; };
		5FD5B341209CF3000072CEED /* Constraint.swift in Sources */ = {isa = PBXBuildFile; fileRef = 5FD5B33D209CF3000072CEED /* Constraint.swift */; };
		5FD5B342209CF3000072CEED /* Dictionary.swift in Sources */ = {isa = PBXBuildFile; fileRef = 5FD5B33E209CF3000072CEED /* Dictionary.swift */; };
		5FD5B343209CF3000072CEED /* ObjectiveFunction.swift in Sources */ = {isa = PBXBuildFile; fileRef = 5FD5B33F209CF3000072CEED /* ObjectiveFunction.swift */; };
/* End PBXBuildFile section */

/* Begin PBXFileReference section */
		5F19F8F620A0CC7D00E448A4 /* TableViewCell.swift */ = {isa = PBXFileReference; lastKnownFileType = sourcecode.swift; path = TableViewCell.swift; sourceTree = "<group>"; };
		5F19F8F720A0CC7D00E448A4 /* TableViewCell.xib */ = {isa = PBXFileReference; lastKnownFileType = file.xib; path = TableViewCell.xib; sourceTree = "<group>"; };
		5FD5B326209CF2400072CEED /* Simplex Method (Maximum).app */ = {isa = PBXFileReference; explicitFileType = wrapper.application; includeInIndex = 0; path = "Simplex Method (Maximum).app"; sourceTree = BUILT_PRODUCTS_DIR; };
		5FD5B329209CF2400072CEED /* AppDelegate.swift */ = {isa = PBXFileReference; lastKnownFileType = sourcecode.swift; path = AppDelegate.swift; sourceTree = "<group>"; };
		5FD5B32B209CF2400072CEED /* ViewController.swift */ = {isa = PBXFileReference; lastKnownFileType = sourcecode.swift; path = ViewController.swift; sourceTree = "<group>"; };
		5FD5B32E209CF2400072CEED /* Base */ = {isa = PBXFileReference; lastKnownFileType = file.storyboard; name = Base; path = Base.lproj/Main.storyboard; sourceTree = "<group>"; };
		5FD5B330209CF2580072CEED /* Assets.xcassets */ = {isa = PBXFileReference; lastKnownFileType = folder.assetcatalog; path = Assets.xcassets; sourceTree = "<group>"; };
		5FD5B333209CF2580072CEED /* Base */ = {isa = PBXFileReference; lastKnownFileType = file.storyboard; name = Base; path = Base.lproj/LaunchScreen.storyboard; sourceTree = "<group>"; };
		5FD5B335209CF2580072CEED /* Info.plist */ = {isa = PBXFileReference; lastKnownFileType = text.plist.xml; path = Info.plist; sourceTree = "<group>"; };
		5FD5B33C209CF3000072CEED /* LPP.swift */ = {isa = PBXFileReference; fileEncoding = 4; lastKnownFileType = sourcecode.swift; path = LPP.swift; sourceTree = "<group>"; };
		5FD5B33D209CF3000072CEED /* Constraint.swift */ = {isa = PBXFileReference; fileEncoding = 4; lastKnownFileType = sourcecode.swift; path = Constraint.swift; sourceTree = "<group>"; };
		5FD5B33E209CF3000072CEED /* Dictionary.swift */ = {isa = PBXFileReference; fileEncoding = 4; lastKnownFileType = sourcecode.swift; path = Dictionary.swift; sourceTree = "<group>"; };
		5FD5B33F209CF3000072CEED /* ObjectiveFunction.swift */ = {isa = PBXFileReference; fileEncoding = 4; lastKnownFileType = sourcecode.swift; path = ObjectiveFunction.swift; sourceTree = "<group>"; };
/* End PBXFileReference section */

/* Begin PBXFrameworksBuildPhase section */
		5FD5B323209CF2400072CEED /* Frameworks */ = {
			isa = PBXFrameworksBuildPhase;
			buildActionMask = 2147483647;
			files = (
			);
			runOnlyForDeploymentPostprocessing = 0;
		};
/* End PBXFrameworksBuildPhase section */

/* Begin PBXGroup section */
		5FD5B31D209CF2400072CEED = {
			isa = PBXGroup;
			children = (
				5FD5B328209CF2400072CEED /* Simplex Method (Maximum) */,
				5FD5B327209CF2400072CEED /* Products */,
			);
			sourceTree = "<group>";
		};
		5FD5B327209CF2400072CEED /* Products */ = {
			isa = PBXGroup;
			children = (
				5FD5B326209CF2400072CEED /* Simplex Method (Maximum).app */,
			);
			name = Products;
			sourceTree = "<group>";
		};
		5FD5B328209CF2400072CEED /* Simplex Method (Maximum) */ = {
			isa = PBXGroup;
			children = (
				5FD5B33B209CF3000072CEED /* Logic Classes */,
				5FD5B329209CF2400072CEED /* AppDelegate.swift */,
				5FD5B32B209CF2400072CEED /* ViewController.swift */,
				5FD5B32D209CF2400072CEED /* Main.storyboard */,
				5FD5B330209CF2580072CEED /* Assets.xcassets */,
				5FD5B332209CF2580072CEED /* LaunchScreen.storyboard */,
				5FD5B335209CF2580072CEED /* Info.plist */,
				5F19F8F620A0CC7D00E448A4 /* TableViewCell.swift */,
				5F19F8F720A0CC7D00E448A4 /* TableViewCell.xib */,
			);
			path = "Simplex Method (Maximum)";
			sourceTree = "<group>";
		};
		5FD5B33B209CF3000072CEED /* Logic Classes */ = {
			isa = PBXGroup;
			children = (
				5FD5B33D209CF3000072CEED /* Constraint.swift */,
				5FD5B33E209CF3000072CEED /* Dictionary.swift */,
				5FD5B33C209CF3000072CEED /* LPP.swift */,
				5FD5B33F209CF3000072CEED /* ObjectiveFunction.swift */,
			);
			path = "Logic Classes";
			sourceTree = "<group>";
		};
/* End PBXGroup section */

/* Begin PBXNativeTarget section */
		5FD5B325209CF2400072CEED /* Simplex Method (Maximum) */ = {
			isa = PBXNativeTarget;
			buildConfigurationList = 5FD5B338209CF2580072CEED /* Build configuration list for PBXNativeTarget "Simplex Method (Maximum)" */;
			buildPhases = (
				5FD5B322209CF2400072CEED /* Sources */,
				5FD5B323209CF2400072CEED /* Frameworks */,
				5FD5B324209CF2400072CEED /* Resources */,
			);
			buildRules = (
			);
			dependencies = (
			);
			name = "Simplex Method (Maximum)";
			productName = "Simplex Method (Maximum)";
			productReference = 5FD5B326209CF2400072CEED /* Simplex Method (Maximum).app */;
			productType = "com.apple.product-type.application";
		};
/* End PBXNativeTarget section */

/* Begin PBXProject section */
		5FD5B31E209CF2400072CEED /* Project object */ = {
			isa = PBXProject;
			attributes = {
				LastSwiftUpdateCheck = 0930;
				LastUpgradeCheck = 0930;
				ORGANIZATIONNAME = "Ahmed Ramy";
				TargetAttributes = {
					5FD5B325209CF2400072CEED = {
						CreatedOnToolsVersion = 9.3;
					};
				};
			};
			buildConfigurationList = 5FD5B321209CF2400072CEED /* Build configuration list for PBXProject "Simplex Method (Maximum)" */;
			compatibilityVersion = "Xcode 9.3";
			developmentRegion = en;
			hasScannedForEncodings = 0;
			knownRegions = (
				en,
				Base,
			);
			mainGroup = 5FD5B31D209CF2400072CEED;
			productRefGroup = 5FD5B327209CF2400072CEED /* Products */;
			projectDirPath = "";
			projectRoot = "";
			targets = (
				5FD5B325209CF2400072CEED /* Simplex Method (Maximum) */,
			);
		};
/* End PBXProject section */

/* Begin PBXResourcesBuildPhase section */
		5FD5B324209CF2400072CEED /* Resources */ = {
			isa = PBXResourcesBuildPhase;
			buildActionMask = 2147483647;
			files = (
				5FD5B334209CF2580072CEED /* LaunchScreen.storyboard in Resources */,
				5F19F8F920A0CC7D00E448A4 /* TableViewCell.xib in Resources */,
				5FD5B331209CF2580072CEED /* Assets.xcassets in Resources */,
				5FD5B32F209CF2400072CEED /* Main.storyboard in Resources */,
			);
			runOnlyForDeploymentPostprocessing = 0;
		};
/* End PBXResourcesBuildPhase section */

/* Begin PBXSourcesBuildPhase section */
		5FD5B322209CF2400072CEED /* Sources */ = {
			isa = PBXSourcesBuildPhase;
			buildActionMask = 2147483647;
			files = (
				5FD5B341209CF3000072CEED /* Constraint.swift in Sources */,
				5FD5B342209CF3000072CEED /* Dictionary.swift in Sources */,
				5FD5B340209CF3000072CEED /* LPP.swift in Sources */,
				5FD5B32C209CF2400072CEED /* ViewController.swift in Sources */,
				5FD5B32A209CF2400072CEED /* AppDelegate.swift in Sources */,
				5F19F8F820A0CC7D00E448A4 /* TableViewCell.swift in Sources */,
				5FD5B343209CF3000072CEED /* ObjectiveFunction.swift in Sources */,
			);
			runOnlyForDeploymentPostprocessing = 0;
		};
/* End PBXSourcesBuildPhase section */

/* Begin PBXVariantGroup section */
		5FD5B32D209CF2400072CEED /* Main.storyboard */ = {
			isa = PBXVariantGroup;
			children = (
				5FD5B32E209CF2400072CEED /* Base */,
			);
			name = Main.storyboard;
			sourceTree = "<group>";
		};
		5FD5B332209CF2580072CEED /* LaunchScreen.storyboard */ = {
			isa = PBXVariantGroup;
			children = (
				5FD5B333209CF2580072CEED /* Base */,
			);
			name = LaunchScreen.storyboard;
			sourceTree = "<group>";
		};
/* End PBXVariantGroup section */

/* Begin XCBuildConfiguration section */
		5FD5B336209CF2580072CEED /* Debug */ = {
			isa = XCBuildConfiguration;
			buildSettings = {
				ALWAYS_SEARCH_USER_PATHS = NO;
				CLANG_ANALYZER_NONNULL = YES;
				CLANG_ANALYZER_NUMBER_OBJECT_CONVERSION = YES_AGGRESSIVE;
				CLANG_CXX_LANGUAGE_STANDARD = "gnu++14";
				CLANG_CXX_LIBRARY = "libc++";
				CLANG_ENABLE_MODULES = YES;
				CLANG_ENABLE_OBJC_ARC = YES;
				CLANG_ENABLE_OBJC_WEAK = YES;
				CLANG_WARN_BLOCK_CAPTURE_AUTORELEASING = YES;
				CLANG_WARN_BOOL_CONVERSION = YES;
				CLANG_WARN_COMMA = YES;
				CLANG_WARN_CONSTANT_CONVERSION = YES;
				CLANG_WARN_DEPRECATED_OBJC_IMPLEMENTATIONS = YES;
				CLANG_WARN_DIRECT_OBJC_ISA_USAGE = YES_ERROR;
				CLANG_WARN_DOCUMENTATION_COMMENTS = YES;
				CLANG_WARN_EMPTY_BODY = YES;
				CLANG_WARN_ENUM_CONVERSION = YES;
				CLANG_WARN_INFINITE_RECURSION = YES;
				CLANG_WARN_INT_CONVERSION = YES;
				CLANG_WARN_NON_LITERAL_NULL_CONVERSION = YES;
				CLANG_WARN_OBJC_IMPLICIT_RETAIN_SELF = YES;
				CLANG_WARN_OBJC_LITERAL_CONVERSION = YES;
				CLANG_WARN_OBJC_ROOT_CLASS = YES_ERROR;
				CLANG_WARN_RANGE_LOOP_ANALYSIS = YES;
				CLANG_WARN_STRICT_PROTOTYPES = YES;
				CLANG_WARN_SUSPICIOUS_MOVE = YES;
				CLANG_WARN_UNGUARDED_AVAILABILITY = YES_AGGRESSIVE;
				CLANG_WARN_UNREACHABLE_CODE = YES;
				CLANG_WARN__DUPLICATE_METHOD_MATCH = YES;
				CODE_SIGN_IDENTITY = "iPhone Developer";
				COPY_PHASE_STRIP = NO;
				DEBUG_INFORMATION_FORMAT = dwarf;
				ENABLE_STRICT_OBJC_MSGSEND = YES;
				ENABLE_TESTABILITY = YES;
				GCC_C_LANGUAGE_STANDARD = gnu11;
				GCC_DYNAMIC_NO_PIC = NO;
				GCC_NO_COMMON_BLOCKS = YES;
				GCC_OPTIMIZATION_LEVEL = 0;
				GCC_PREPROCESSOR_DEFINITIONS = (
					"DEBUG=1",
					"$(inherited)",
				);
				GCC_WARN_64_TO_32_BIT_CONVERSION = YES;
				GCC_WARN_ABOUT_RETURN_TYPE = YES_ERROR;
				GCC_WARN_UNDECLARED_SELECTOR = YES;
				GCC_WARN_UNINITIALIZED_AUTOS = YES_AGGRESSIVE;
				GCC_WARN_UNUSED_FUNCTION = YES;
				GCC_WARN_UNUSED_VARIABLE = YES;
				IPHONEOS_DEPLOYMENT_TARGET = 11.3;
				MTL_ENABLE_DEBUG_INFO = YES;
				ONLY_ACTIVE_ARCH = YES;
				SDKROOT = iphoneos;
				SWIFT_ACTIVE_COMPILATION_CONDITIONS = DEBUG;
				SWIFT_OPTIMIZATION_LEVEL = "-Onone";
			};
			name = Debug;
		};
		5FD5B337209CF2580072CEED /* Release */ = {
			isa = XCBuildConfiguration;
			buildSettings = {
				ALWAYS_SEARCH_USER_PATHS = NO;
				CLANG_ANALYZER_NONNULL = YES;
				CLANG_ANALYZER_NUMBER_OBJECT_CONVERSION = YES_AGGRESSIVE;
				CLANG_CXX_LANGUAGE_STANDARD = "gnu++14";
				CLANG_CXX_LIBRARY = "libc++";
				CLANG_ENABLE_MODULES = YES;
				CLANG_ENABLE_OBJC_ARC = YES;
				CLANG_ENABLE_OBJC_WEAK = YES;
				CLANG_WARN_BLOCK_CAPTURE_AUTORELEASING = YES;
				CLANG_WARN_BOOL_CONVERSION = YES;
				CLANG_WARN_COMMA = YES;
				CLANG_WARN_CONSTANT_CONVERSION = YES;
				CLANG_WARN_DEPRECATED_OBJC_IMPLEMENTATIONS = YES;
				CLANG_WARN_DIRECT_OBJC_ISA_USAGE = YES_ERROR;
				CLANG_WARN_DOCUMENTATION_COMMENTS = YES;
				CLANG_WARN_EMPTY_BODY = YES;
				CLANG_WARN_ENUM_CONVERSION = YES;
				CLANG_WARN_INFINITE_RECURSION = YES;
				CLANG_WARN_INT_CONVERSION = YES;
				CLANG_WARN_NON_LITERAL_NULL_CONVERSION = YES;
				CLANG_WARN_OBJC_IMPLICIT_RETAIN_SELF = YES;
				CLANG_WARN_OBJC_LITERAL_CONVERSION = YES;
				CLANG_WARN_OBJC_ROOT_CLASS = YES_ERROR;
				CLANG_WARN_RANGE_LOOP_ANALYSIS = YES;
				CLANG_WARN_STRICT_PROTOTYPES = YES;
				CLANG_WARN_SUSPICIOUS_MOVE = YES;
				CLANG_WARN_UNGUARDED_AVAILABILITY = YES_AGGRESSIVE;
				CLANG_WARN_UNREACHABLE_CODE = YES;
				CLANG_WARN__DUPLICATE_METHOD_MATCH = YES;
				CODE_SIGN_IDENTITY = "iPhone Developer";
				COPY_PHASE_STRIP = NO;
				DEBUG_INFORMATION_FORMAT = "dwarf-with-dsym";
				ENABLE_NS_ASSERTIONS = NO;
				ENABLE_STRICT_OBJC_MSGSEND = YES;
				GCC_C_LANGUAGE_STANDARD = gnu11;
				GCC_NO_COMMON_BLOCKS = YES;
				GCC_WARN_64_TO_32_BIT_CONVERSION = YES;
				GCC_WARN_ABOUT_RETURN_TYPE = YES_ERROR;
				GCC_WARN_UNDECLARED_SELECTOR = YES;
				GCC_WARN_UNINITIALIZED_AUTOS = YES_AGGRESSIVE;
				GCC_WARN_UNUSED_FUNCTION = YES;
				GCC_WARN_UNUSED_VARIABLE = YES;
				IPHONEOS_DEPLOYMENT_TARGET = 11.3;
				MTL_ENABLE_DEBUG_INFO = NO;
				SDKROOT = iphoneos;
				SWIFT_COMPILATION_MODE = wholemodule;
				SWIFT_OPTIMIZATION_LEVEL = "-O";
				VALIDATE_PRODUCT = YES;
			};
			name = Release;
		};
		5FD5B339209CF2580072CEED /* Debug */ = {
			isa = XCBuildConfiguration;
			buildSettings = {
				ASSETCATALOG_COMPILER_APPICON_NAME = AppIcon;
				CODE_SIGN_STYLE = Automatic;
				DEVELOPMENT_TEAM = 969Y6REAB6;
				INFOPLIST_FILE = "Simplex Method (Maximum)/Info.plist";
				LD_RUNPATH_SEARCH_PATHS = (
					"$(inherited)",
					"@executable_path/Frameworks",
				);
				PRODUCT_BUNDLE_IDENTIFIER = "ShaDiLiX.Simplex-Method--Maximum-";
				PRODUCT_NAME = "$(TARGET_NAME)";
				SWIFT_VERSION = 4.0;
				TARGETED_DEVICE_FAMILY = "1,2";
			};
			name = Debug;
		};
		5FD5B33A209CF2580072CEED /* Release */ = {
			isa = XCBuildConfiguration;
			buildSettings = {
				ASSETCATALOG_COMPILER_APPICON_NAME = AppIcon;
				CODE_SIGN_STYLE = Automatic;
				DEVELOPMENT_TEAM = 969Y6REAB6;
				INFOPLIST_FILE = "Simplex Method (Maximum)/Info.plist";
				LD_RUNPATH_SEARCH_PATHS = (
					"$(inherited)",
					"@executable_path/Frameworks",
				);
				PRODUCT_BUNDLE_IDENTIFIER = "ShaDiLiX.Simplex-Method--Maximum-";
				PRODUCT_NAME = "$(TARGET_NAME)";
				SWIFT_VERSION = 4.0;
				TARGETED_DEVICE_FAMILY = "1,2";
			};
			name = Release;
		};
/* End XCBuildConfiguration section */

/* Begin XCConfigurationList section */
		5FD5B321209CF2400072CEED /* Build configuration list for PBXProject "Simplex Method (Maximum)" */ = {
			isa = XCConfigurationList;
			buildConfigurations = (
				5FD5B336209CF2580072CEED /* Debug */,
				5FD5B337209CF2580072CEED /* Release */,
			);
			defaultConfigurationIsVisible = 0;
			defaultConfigurationName = Release;
		};
		5FD5B338209CF2580072CEED /* Build configuration list for PBXNativeTarget "Simplex Method (Maximum)" */ = {
			isa = XCConfigurationList;
			buildConfigurations = (
				5FD5B339209CF2580072CEED /* Debug */,
				5FD5B33A209CF2580072CEED /* Release */,
			);
			defaultConfigurationIsVisible = 0;
			defaultConfigurationName = Release;
		};
/* End XCConfigurationList section */
	};
	rootObject = 5FD5B31E209CF2400072CEED /* Project object */;
}
